// !$*UTF8*$!
{
	archiveVersion = 1;
	classes = {
	};
	objectVersion = 52;
	objects = {

/* Begin PBXBuildFile section */
		58143F2B263F6E2500C87C67 /* CustomCorner.swift in Sources */ = {isa = PBXBuildFile; fileRef = 58143F2A263F6E2500C87C67 /* CustomCorner.swift */; };
		58143F2D263F9F4D00C87C67 /* NanoID.swift in Sources */ = {isa = PBXBuildFile; fileRef = 58143F2C263F9F4D00C87C67 /* NanoID.swift */; };
		583CAC4F26449A8A00DB2037 /* VaccineViewModel.swift in Sources */ = {isa = PBXBuildFile; fileRef = 583CAC4E26449A8A00DB2037 /* VaccineViewModel.swift */; };
		583CAC582644C2C500DB2037 /* PatientHelper.swift in Sources */ = {isa = PBXBuildFile; fileRef = 583CAC572644C2C500DB2037 /* PatientHelper.swift */; };
		583CAC5C2644C85B00DB2037 /* VaccineHelper.swift in Sources */ = {isa = PBXBuildFile; fileRef = 583CAC5B2644C85B00DB2037 /* VaccineHelper.swift */; };
		583CAC5E2644CF7C00DB2037 /* PatientView.swift in Sources */ = {isa = PBXBuildFile; fileRef = 583CAC5D2644CF7C00DB2037 /* PatientView.swift */; };
		585853AD266EC8220036F6F9 /* VaccineCard.pkpass in Resources */ = {isa = PBXBuildFile; fileRef = 585853AC266EC8220036F6F9 /* VaccineCard.pkpass */; };
		58668CDF2670892500243F81 /* ImagePicker.swift in Sources */ = {isa = PBXBuildFile; fileRef = 58668CDE2670892500243F81 /* ImagePicker.swift */; };
		5898E4BB264BCE7D003954F4 /* FBVaccine.swift in Sources */ = {isa = PBXBuildFile; fileRef = 5898E4BA264BCE7D003954F4 /* FBVaccine.swift */; };
		5898E4BD264BD3A0003954F4 /* FBFirestoreVaccine.swift in Sources */ = {isa = PBXBuildFile; fileRef = 5898E4BC264BD3A0003954F4 /* FBFirestoreVaccine.swift */; };
		589D0DDD2643AFD80098B02A /* FBFirestorePatient.swift in Sources */ = {isa = PBXBuildFile; fileRef = 589D0DDC2643AFD80098B02A /* FBFirestorePatient.swift */; };
		589D0DE12643C0840098B02A /* test1.swift in Sources */ = {isa = PBXBuildFile; fileRef = 589D0DE02643C0840098B02A /* test1.swift */; };
		58AAC7192648F17C00A7DF61 /* iPhoneNumberField in Frameworks */ = {isa = PBXBuildFile; productRef = 58AAC7182648F17C00A7DF61 /* iPhoneNumberField */; };
		58B1D699266575AF007464D6 /* Card.swift in Sources */ = {isa = PBXBuildFile; fileRef = 58B1D698266575AF007464D6 /* Card.swift */; };
		58BD37BA266E1AED00D7509B /* PassLibrarySUI in Frameworks */ = {isa = PBXBuildFile; productRef = 58BD37B9266E1AED00D7509B /* PassLibrarySUI */; };
		58BD37BD266E1B6000D7509B /* PassLibrary in Frameworks */ = {isa = PBXBuildFile; productRef = 58BD37BC266E1B6000D7509B /* PassLibrary */; };
		58C23FA3264238FF00F7593E /* Colors.swift in Sources */ = {isa = PBXBuildFile; fileRef = 58C23FA2264238FF00F7593E /* Colors.swift */; };
		58C23FA9264245AB00F7593E /* DirectToView.swift in Sources */ = {isa = PBXBuildFile; fileRef = 58C23FA8264245AB00F7593E /* DirectToView.swift */; };
		58DCE357264CFCBC000ACB1D /* VaccineView.swift in Sources */ = {isa = PBXBuildFile; fileRef = 58DCE356264CFCBC000ACB1D /* VaccineView.swift */; };
		58EBF3252669ADED00A83298 /* PassKit.framework in Frameworks */ = {isa = PBXBuildFile; fileRef = 58EBF3242669ADED00A83298 /* PassKit.framework */; };
		58FE8840263CD9E100613F39 /* CovidVaccinationPassportApp.swift in Sources */ = {isa = PBXBuildFile; fileRef = 58FE883F263CD9E100613F39 /* CovidVaccinationPassportApp.swift */; };
		58FE8842263CD9E100613F39 /* ContentView.swift in Sources */ = {isa = PBXBuildFile; fileRef = 58FE8841263CD9E100613F39 /* ContentView.swift */; };
		58FE8844263CD9E200613F39 /* Assets.xcassets in Resources */ = {isa = PBXBuildFile; fileRef = 58FE8843263CD9E200613F39 /* Assets.xcassets */; };
		58FE8847263CD9E200613F39 /* Preview Assets.xcassets in Resources */ = {isa = PBXBuildFile; fileRef = 58FE8846263CD9E200613F39 /* Preview Assets.xcassets */; };
		58FE8851263D587700613F39 /* GoogleService-Info.plist in Resources */ = {isa = PBXBuildFile; fileRef = 58FE8850263D587700613F39 /* GoogleService-Info.plist */; };
		58FE8854263D5B4000613F39 /* FirebaseAuth in Frameworks */ = {isa = PBXBuildFile; productRef = 58FE8853263D5B4000613F39 /* FirebaseAuth */; };
		58FE8856263D5B4000613F39 /* FirebaseFirestore in Frameworks */ = {isa = PBXBuildFile; productRef = 58FE8855263D5B4000613F39 /* FirebaseFirestore */; };
		58FE8858263D5B4000613F39 /* FirebaseStorage in Frameworks */ = {isa = PBXBuildFile; productRef = 58FE8857263D5B4000613F39 /* FirebaseStorage */; };
		58FE885A263DF88600613F39 /* LoginView.swift in Sources */ = {isa = PBXBuildFile; fileRef = 58FE8859263DF88600613F39 /* LoginView.swift */; };
		58FE885D263E006800613F39 /* NurseView.swift in Sources */ = {isa = PBXBuildFile; fileRef = 58FE885C263E006800613F39 /* NurseView.swift */; };
		58FE885F263E012800613F39 /* RegisterView.swift in Sources */ = {isa = PBXBuildFile; fileRef = 58FE885E263E012800613F39 /* RegisterView.swift */; };
		58FE886A263E1F3500613F39 /* HomeView.swift in Sources */ = {isa = PBXBuildFile; fileRef = 58FE8869263E1F3500613F39 /* HomeView.swift */; };
		58FE8876263E6F2800613F39 /* UserViewModel.swift in Sources */ = {isa = PBXBuildFile; fileRef = 58FE8875263E6F2800613F39 /* UserViewModel.swift */; };
		58FE8878263E6FB100613F39 /* UserInfo.swift in Sources */ = {isa = PBXBuildFile; fileRef = 58FE8877263E6FB100613F39 /* UserInfo.swift */; };
		58FE887D263E70B500613F39 /* FBKeys.swift in Sources */ = {isa = PBXBuildFile; fileRef = 58FE8879263E70B500613F39 /* FBKeys.swift */; };
		58FE887E263E70B500613F39 /* FBUser.swift in Sources */ = {isa = PBXBuildFile; fileRef = 58FE887A263E70B500613F39 /* FBUser.swift */; };
		58FE887F263E70B500613F39 /* FBFireStoreError.swift in Sources */ = {isa = PBXBuildFile; fileRef = 58FE887B263E70B500613F39 /* FBFireStoreError.swift */; };
		58FE8880263E70B500613F39 /* FBFireStore.swift in Sources */ = {isa = PBXBuildFile; fileRef = 58FE887C263E70B500613F39 /* FBFireStore.swift */; };
		58FE8883263E70C900613F39 /* FBAuthError.swift in Sources */ = {isa = PBXBuildFile; fileRef = 58FE8881263E70C900613F39 /* FBAuthError.swift */; };
		58FE8884263E70C900613F39 /* FBAuth.swift in Sources */ = {isa = PBXBuildFile; fileRef = 58FE8882263E70C900613F39 /* FBAuth.swift */; };
		58FE8886263E9BCB00613F39 /* PatientViewModel.swift in Sources */ = {isa = PBXBuildFile; fileRef = 58FE8885263E9BCB00613F39 /* PatientViewModel.swift */; };
		58FE888B263EB09B00613F39 /* FBPatient.swift in Sources */ = {isa = PBXBuildFile; fileRef = 58FE888A263EB09B00613F39 /* FBPatient.swift */; };
		A3B06D9D75DAB70C61CFAB12 /* libPods-CovidVaccinationPassport.a in Frameworks */ = {isa = PBXBuildFile; fileRef = 7E2A07FE8EF1D7D7F74C009A /* libPods-CovidVaccinationPassport.a */; };
/* End PBXBuildFile section */

/* Begin PBXFileReference section */
		58143F2A263F6E2500C87C67 /* CustomCorner.swift */ = {isa = PBXFileReference; lastKnownFileType = sourcecode.swift; path = CustomCorner.swift; sourceTree = "<group>"; };
		58143F2C263F9F4D00C87C67 /* NanoID.swift */ = {isa = PBXFileReference; fileEncoding = 4; lastKnownFileType = sourcecode.swift; path = NanoID.swift; sourceTree = "<group>"; };
		583CAC4E26449A8A00DB2037 /* VaccineViewModel.swift */ = {isa = PBXFileReference; lastKnownFileType = sourcecode.swift; path = VaccineViewModel.swift; sourceTree = "<group>"; };
		583CAC572644C2C500DB2037 /* PatientHelper.swift */ = {isa = PBXFileReference; lastKnownFileType = sourcecode.swift; path = PatientHelper.swift; sourceTree = "<group>"; };
		583CAC5B2644C85B00DB2037 /* VaccineHelper.swift */ = {isa = PBXFileReference; lastKnownFileType = sourcecode.swift; path = VaccineHelper.swift; sourceTree = "<group>"; };
		583CAC5D2644CF7C00DB2037 /* PatientView.swift */ = {isa = PBXFileReference; lastKnownFileType = sourcecode.swift; path = PatientView.swift; sourceTree = "<group>"; };
		585853AC266EC8220036F6F9 /* VaccineCard.pkpass */ = {isa = PBXFileReference; lastKnownFileType = file; path = VaccineCard.pkpass; sourceTree = "<group>"; };
		58668CDE2670892500243F81 /* ImagePicker.swift */ = {isa = PBXFileReference; lastKnownFileType = sourcecode.swift; path = ImagePicker.swift; sourceTree = "<group>"; };
		5898E4BA264BCE7D003954F4 /* FBVaccine.swift */ = {isa = PBXFileReference; lastKnownFileType = sourcecode.swift; path = FBVaccine.swift; sourceTree = "<group>"; };
		5898E4BC264BD3A0003954F4 /* FBFirestoreVaccine.swift */ = {isa = PBXFileReference; lastKnownFileType = sourcecode.swift; path = FBFirestoreVaccine.swift; sourceTree = "<group>"; };
		589D0DDC2643AFD80098B02A /* FBFirestorePatient.swift */ = {isa = PBXFileReference; lastKnownFileType = sourcecode.swift; path = FBFirestorePatient.swift; sourceTree = "<group>"; };
		589D0DE02643C0840098B02A /* test1.swift */ = {isa = PBXFileReference; lastKnownFileType = sourcecode.swift; path = test1.swift; sourceTree = "<group>"; };
		58B1D698266575AF007464D6 /* Card.swift */ = {isa = PBXFileReference; lastKnownFileType = sourcecode.swift; path = Card.swift; sourceTree = "<group>"; };
		58C23FA2264238FF00F7593E /* Colors.swift */ = {isa = PBXFileReference; lastKnownFileType = sourcecode.swift; path = Colors.swift; sourceTree = "<group>"; };
		58C23FA8264245AB00F7593E /* DirectToView.swift */ = {isa = PBXFileReference; lastKnownFileType = sourcecode.swift; path = DirectToView.swift; sourceTree = "<group>"; };
		58DCE356264CFCBC000ACB1D /* VaccineView.swift */ = {isa = PBXFileReference; lastKnownFileType = sourcecode.swift; path = VaccineView.swift; sourceTree = "<group>"; };
		58EBF3222669ADED00A83298 /* CovidVaccinationPassport.entitlements */ = {isa = PBXFileReference; lastKnownFileType = text.plist.entitlements; path = CovidVaccinationPassport.entitlements; sourceTree = "<group>"; };
		58EBF3242669ADED00A83298 /* PassKit.framework */ = {isa = PBXFileReference; lastKnownFileType = wrapper.framework; name = PassKit.framework; path = System/Library/Frameworks/PassKit.framework; sourceTree = SDKROOT; };
		58FE883C263CD9E100613F39 /* CovidVaccinationPassport.app */ = {isa = PBXFileReference; explicitFileType = wrapper.application; includeInIndex = 0; path = CovidVaccinationPassport.app; sourceTree = BUILT_PRODUCTS_DIR; };
		58FE883F263CD9E100613F39 /* CovidVaccinationPassportApp.swift */ = {isa = PBXFileReference; lastKnownFileType = sourcecode.swift; path = CovidVaccinationPassportApp.swift; sourceTree = "<group>"; };
		58FE8841263CD9E100613F39 /* ContentView.swift */ = {isa = PBXFileReference; lastKnownFileType = sourcecode.swift; path = ContentView.swift; sourceTree = "<group>"; };
		58FE8843263CD9E200613F39 /* Assets.xcassets */ = {isa = PBXFileReference; lastKnownFileType = folder.assetcatalog; path = Assets.xcassets; sourceTree = "<group>"; };
		58FE8846263CD9E200613F39 /* Preview Assets.xcassets */ = {isa = PBXFileReference; lastKnownFileType = folder.assetcatalog; path = "Preview Assets.xcassets"; sourceTree = "<group>"; };
		58FE8848263CD9E200613F39 /* Info.plist */ = {isa = PBXFileReference; lastKnownFileType = text.plist.xml; path = Info.plist; sourceTree = "<group>"; };
		58FE8850263D587700613F39 /* GoogleService-Info.plist */ = {isa = PBXFileReference; fileEncoding = 4; lastKnownFileType = text.plist.xml; path = "GoogleService-Info.plist"; sourceTree = "<group>"; };
		58FE8859263DF88600613F39 /* LoginView.swift */ = {isa = PBXFileReference; lastKnownFileType = sourcecode.swift; path = LoginView.swift; sourceTree = "<group>"; };
		58FE885C263E006800613F39 /* NurseView.swift */ = {isa = PBXFileReference; lastKnownFileType = sourcecode.swift; path = NurseView.swift; sourceTree = "<group>"; };
		58FE885E263E012800613F39 /* RegisterView.swift */ = {isa = PBXFileReference; lastKnownFileType = sourcecode.swift; path = RegisterView.swift; sourceTree = "<group>"; };
		58FE8869263E1F3500613F39 /* HomeView.swift */ = {isa = PBXFileReference; lastKnownFileType = sourcecode.swift; path = HomeView.swift; sourceTree = "<group>"; };
		58FE8875263E6F2800613F39 /* UserViewModel.swift */ = {isa = PBXFileReference; lastKnownFileType = sourcecode.swift; path = UserViewModel.swift; sourceTree = "<group>"; };
		58FE8877263E6FB100613F39 /* UserInfo.swift */ = {isa = PBXFileReference; lastKnownFileType = sourcecode.swift; path = UserInfo.swift; sourceTree = "<group>"; };
		58FE8879263E70B500613F39 /* FBKeys.swift */ = {isa = PBXFileReference; fileEncoding = 4; lastKnownFileType = sourcecode.swift; path = FBKeys.swift; sourceTree = "<group>"; };
		58FE887A263E70B500613F39 /* FBUser.swift */ = {isa = PBXFileReference; fileEncoding = 4; lastKnownFileType = sourcecode.swift; path = FBUser.swift; sourceTree = "<group>"; };
		58FE887B263E70B500613F39 /* FBFireStoreError.swift */ = {isa = PBXFileReference; fileEncoding = 4; lastKnownFileType = sourcecode.swift; path = FBFireStoreError.swift; sourceTree = "<group>"; };
		58FE887C263E70B500613F39 /* FBFireStore.swift */ = {isa = PBXFileReference; fileEncoding = 4; lastKnownFileType = sourcecode.swift; path = FBFireStore.swift; sourceTree = "<group>"; };
		58FE8881263E70C900613F39 /* FBAuthError.swift */ = {isa = PBXFileReference; fileEncoding = 4; lastKnownFileType = sourcecode.swift; path = FBAuthError.swift; sourceTree = "<group>"; };
		58FE8882263E70C900613F39 /* FBAuth.swift */ = {isa = PBXFileReference; fileEncoding = 4; lastKnownFileType = sourcecode.swift; path = FBAuth.swift; sourceTree = "<group>"; };
		58FE8885263E9BCB00613F39 /* PatientViewModel.swift */ = {isa = PBXFileReference; lastKnownFileType = sourcecode.swift; path = PatientViewModel.swift; sourceTree = "<group>"; };
		58FE888A263EB09B00613F39 /* FBPatient.swift */ = {isa = PBXFileReference; lastKnownFileType = sourcecode.swift; path = FBPatient.swift; sourceTree = "<group>"; };
		7E2A07FE8EF1D7D7F74C009A /* libPods-CovidVaccinationPassport.a */ = {isa = PBXFileReference; explicitFileType = archive.ar; includeInIndex = 0; path = "libPods-CovidVaccinationPassport.a"; sourceTree = BUILT_PRODUCTS_DIR; };
		A1145A6697BFCD6BD13547D4 /* Pods-CovidVaccinationPassport.release.xcconfig */ = {isa = PBXFileReference; includeInIndex = 1; lastKnownFileType = text.xcconfig; name = "Pods-CovidVaccinationPassport.release.xcconfig"; path = "Target Support Files/Pods-CovidVaccinationPassport/Pods-CovidVaccinationPassport.release.xcconfig"; sourceTree = "<group>"; };
		B13E3BEE2EE737675EB39C6E /* Pods-CovidVaccinationPassport.debug.xcconfig */ = {isa = PBXFileReference; includeInIndex = 1; lastKnownFileType = text.xcconfig; name = "Pods-CovidVaccinationPassport.debug.xcconfig"; path = "Target Support Files/Pods-CovidVaccinationPassport/Pods-CovidVaccinationPassport.debug.xcconfig"; sourceTree = "<group>"; };
/* End PBXFileReference section */

/* Begin PBXFrameworksBuildPhase section */
		58FE8839263CD9E100613F39 /* Frameworks */ = {
			isa = PBXFrameworksBuildPhase;
			buildActionMask = 2147483647;
			files = (
				58FE8854263D5B4000613F39 /* FirebaseAuth in Frameworks */,
				58BD37BD266E1B6000D7509B /* PassLibrary in Frameworks */,
				58EBF3252669ADED00A83298 /* PassKit.framework in Frameworks */,
				58AAC7192648F17C00A7DF61 /* iPhoneNumberField in Frameworks */,
				58BD37BA266E1AED00D7509B /* PassLibrarySUI in Frameworks */,
				58FE8856263D5B4000613F39 /* FirebaseFirestore in Frameworks */,
				58FE8858263D5B4000613F39 /* FirebaseStorage in Frameworks */,
				A3B06D9D75DAB70C61CFAB12 /* libPods-CovidVaccinationPassport.a in Frameworks */,
			);
			runOnlyForDeploymentPostprocessing = 0;
		};
/* End PBXFrameworksBuildPhase section */

/* Begin PBXGroup section */
		42149FF89CC6D8182C002216 /* Pods */ = {
			isa = PBXGroup;
			children = (
				B13E3BEE2EE737675EB39C6E /* Pods-CovidVaccinationPassport.debug.xcconfig */,
				A1145A6697BFCD6BD13547D4 /* Pods-CovidVaccinationPassport.release.xcconfig */,
			);
			path = Pods;
			sourceTree = "<group>";
		};
		583CAC4D2644989900DB2037 /* ViewHelpers */ = {
			isa = PBXGroup;
			children = (
				58143F2A263F6E2500C87C67 /* CustomCorner.swift */,
				58C23FA2264238FF00F7593E /* Colors.swift */,
				58C23FA8264245AB00F7593E /* DirectToView.swift */,
			);
			path = ViewHelpers;
			sourceTree = "<group>";
		};
		583CAC592644C82600DB2037 /* Vaccine */ = {
			isa = PBXGroup;
			children = (
				583CAC4E26449A8A00DB2037 /* VaccineViewModel.swift */,
				5898E4BA264BCE7D003954F4 /* FBVaccine.swift */,
				583CAC5B2644C85B00DB2037 /* VaccineHelper.swift */,
				5898E4BC264BD3A0003954F4 /* FBFirestoreVaccine.swift */,
				58DCE356264CFCBC000ACB1D /* VaccineView.swift */,
			);
			path = Vaccine;
			sourceTree = "<group>";
		};
		5898E4B7264BC457003954F4 /* Views Patient */ = {
			isa = PBXGroup;
			children = (
				583CAC5D2644CF7C00DB2037 /* PatientView.swift */,
			);
			path = "Views Patient";
			sourceTree = "<group>";
		};
		5898E4B8264BC474003954F4 /* Model Patient */ = {
			isa = PBXGroup;
			children = (
				58FE8885263E9BCB00613F39 /* PatientViewModel.swift */,
			);
			path = "Model Patient";
			sourceTree = "<group>";
		};
		5898E4B9264BC491003954F4 /* Firebase Patient */ = {
			isa = PBXGroup;
			children = (
				58FE888A263EB09B00613F39 /* FBPatient.swift */,
			);
			path = "Firebase Patient";
			sourceTree = "<group>";
		};
		589D0DD92643ACBA0098B02A /* Patient */ = {
			isa = PBXGroup;
			children = (
				5898E4B9264BC491003954F4 /* Firebase Patient */,
				5898E4B8264BC474003954F4 /* Model Patient */,
				5898E4B7264BC457003954F4 /* Views Patient */,
				589D0DDB2643AFAE0098B02A /* Firestore Patient */,
				583CAC572644C2C500DB2037 /* PatientHelper.swift */,
			);
			path = Patient;
			sourceTree = "<group>";
		};
		589D0DDB2643AFAE0098B02A /* Firestore Patient */ = {
			isa = PBXGroup;
			children = (
				589D0DDC2643AFD80098B02A /* FBFirestorePatient.swift */,
			);
			path = "Firestore Patient";
			sourceTree = "<group>";
		};
		58C23FA02642387B00F7593E /* Firebase  */ = {
			isa = PBXGroup;
			children = (
				58FE8879263E70B500613F39 /* FBKeys.swift */,
			);
			path = "Firebase ";
			sourceTree = "<group>";
		};
		58C23FA1264238A100F7593E /* Home */ = {
			isa = PBXGroup;
			children = (
				58FE8869263E1F3500613F39 /* HomeView.swift */,
			);
			path = Home;
			sourceTree = "<group>";
		};
		58C23FA5264239AE00F7593E /* Firebase User */ = {
			isa = PBXGroup;
			children = (
				58FE8882263E70C900613F39 /* FBAuth.swift */,
				58FE8881263E70C900613F39 /* FBAuthError.swift */,
				58FE887A263E70B500613F39 /* FBUser.swift */,
				58143F2C263F9F4D00C87C67 /* NanoID.swift */,
				58FE8877263E6FB100613F39 /* UserInfo.swift */,
			);
			path = "Firebase User";
			sourceTree = "<group>";
		};
		58C23FA7264239DD00F7593E /* Model User */ = {
			isa = PBXGroup;
			children = (
				58FE8875263E6F2800613F39 /* UserViewModel.swift */,
			);
			path = "Model User";
			sourceTree = "<group>";
		};
		58EBF3232669ADED00A83298 /* Frameworks */ = {
			isa = PBXGroup;
			children = (
				58EBF3242669ADED00A83298 /* PassKit.framework */,
				7E2A07FE8EF1D7D7F74C009A /* libPods-CovidVaccinationPassport.a */,
			);
			name = Frameworks;
			sourceTree = "<group>";
		};
		58FE8833263CD9E100613F39 = {
			isa = PBXGroup;
			children = (
				585853AC266EC8220036F6F9 /* VaccineCard.pkpass */,
				58FE883E263CD9E100613F39 /* CovidVaccinationPassport */,
				58FE883D263CD9E100613F39 /* Products */,
				58EBF3232669ADED00A83298 /* Frameworks */,
				42149FF89CC6D8182C002216 /* Pods */,
			);
			sourceTree = "<group>";
		};
		58FE883D263CD9E100613F39 /* Products */ = {
			isa = PBXGroup;
			children = (
				58FE883C263CD9E100613F39 /* CovidVaccinationPassport.app */,
			);
			name = Products;
			sourceTree = "<group>";
		};
		58FE883E263CD9E100613F39 /* CovidVaccinationPassport */ = {
			isa = PBXGroup;
			children = (
				58EBF3222669ADED00A83298 /* CovidVaccinationPassport.entitlements */,
				583CAC592644C82600DB2037 /* Vaccine */,
				589D0DD92643ACBA0098B02A /* Patient */,
				58C23FA1264238A100F7593E /* Home */,
				58C23FA02642387B00F7593E /* Firebase  */,
				58FE8888263EAEC000613F39 /* Nurse */,
				58FE8870263E6CAB00613F39 /* User */,
				583CAC4D2644989900DB2037 /* ViewHelpers */,
				58FE8841263CD9E100613F39 /* ContentView.swift */,
				58FE883F263CD9E100613F39 /* CovidVaccinationPassportApp.swift */,
				58668CDE2670892500243F81 /* ImagePicker.swift */,
				58B1D698266575AF007464D6 /* Card.swift */,
				589D0DE02643C0840098B02A /* test1.swift */,
				58FE8843263CD9E200613F39 /* Assets.xcassets */,
				58FE8848263CD9E200613F39 /* Info.plist */,
				58FE8850263D587700613F39 /* GoogleService-Info.plist */,
				58FE8845263CD9E200613F39 /* Preview Content */,
			);
			path = CovidVaccinationPassport;
			sourceTree = "<group>";
		};
		58FE8845263CD9E200613F39 /* Preview Content */ = {
			isa = PBXGroup;
			children = (
				58FE8846263CD9E200613F39 /* Preview Assets.xcassets */,
			);
			path = "Preview Content";
			sourceTree = "<group>";
		};
		58FE8870263E6CAB00613F39 /* User */ = {
			isa = PBXGroup;
			children = (
				58C23FA7264239DD00F7593E /* Model User */,
				58C23FA5264239AE00F7593E /* Firebase User */,
				58FE8873263E6CC700613F39 /* Firestore User */,
				58FE8871263E6CB300613F39 /* Views User */,
			);
			path = User;
			sourceTree = "<group>";
		};
		58FE8871263E6CB300613F39 /* Views User */ = {
			isa = PBXGroup;
			children = (
				58FE8859263DF88600613F39 /* LoginView.swift */,
				58FE885E263E012800613F39 /* RegisterView.swift */,
			);
			path = "Views User";
			sourceTree = "<group>";
		};
		58FE8873263E6CC700613F39 /* Firestore User */ = {
			isa = PBXGroup;
			children = (
				58FE887C263E70B500613F39 /* FBFireStore.swift */,
				58FE887B263E70B500613F39 /* FBFireStoreError.swift */,
			);
			path = "Firestore User";
			sourceTree = "<group>";
		};
		58FE8888263EAEC000613F39 /* Nurse */ = {
			isa = PBXGroup;
			children = (
				58FE885C263E006800613F39 /* NurseView.swift */,
			);
			path = Nurse;
			sourceTree = "<group>";
		};
/* End PBXGroup section */

/* Begin PBXNativeTarget section */
		58FE883B263CD9E100613F39 /* CovidVaccinationPassport */ = {
			isa = PBXNativeTarget;
			buildConfigurationList = 58FE884B263CD9E200613F39 /* Build configuration list for PBXNativeTarget "CovidVaccinationPassport" */;
			buildPhases = (
				6DDF802B5457937252E1D0F9 /* [CP] Check Pods Manifest.lock */,
				58FE8838263CD9E100613F39 /* Sources */,
				58FE8839263CD9E100613F39 /* Frameworks */,
				58FE883A263CD9E100613F39 /* Resources */,
			);
			buildRules = (
			);
			dependencies = (
			);
			name = CovidVaccinationPassport;
			packageProductDependencies = (
				58FE8853263D5B4000613F39 /* FirebaseAuth */,
				58FE8855263D5B4000613F39 /* FirebaseFirestore */,
				58FE8857263D5B4000613F39 /* FirebaseStorage */,
				58AAC7182648F17C00A7DF61 /* iPhoneNumberField */,
				58BD37B9266E1AED00D7509B /* PassLibrarySUI */,
				58BD37BC266E1B6000D7509B /* PassLibrary */,
			);
			productName = CovidVaccinationPassport;
			productReference = 58FE883C263CD9E100613F39 /* CovidVaccinationPassport.app */;
			productType = "com.apple.product-type.application";
		};
/* End PBXNativeTarget section */

/* Begin PBXProject section */
		58FE8834263CD9E100613F39 /* Project object */ = {
			isa = PBXProject;
			attributes = {
				LastSwiftUpdateCheck = 1250;
				LastUpgradeCheck = 1250;
				TargetAttributes = {
					58FE883B263CD9E100613F39 = {
						CreatedOnToolsVersion = 12.5;
					};
				};
			};
			buildConfigurationList = 58FE8837263CD9E100613F39 /* Build configuration list for PBXProject "CovidVaccinationPassport" */;
			compatibilityVersion = "Xcode 9.3";
			developmentRegion = en;
			hasScannedForEncodings = 0;
			knownRegions = (
				en,
				Base,
			);
			mainGroup = 58FE8833263CD9E100613F39;
			packageReferences = (
				58FE8852263D5B4000613F39 /* XCRemoteSwiftPackageReference "firebase-ios-sdk" */,
				58AAC7172648F17B00A7DF61 /* XCRemoteSwiftPackageReference "iPhoneNumberField" */,
				58BD37B8266E1AED00D7509B /* XCRemoteSwiftPackageReference "PassLibrarySUI" */,
				58BD37BB266E1B6000D7509B /* XCRemoteSwiftPackageReference "PassLibrary" */,
			);
			productRefGroup = 58FE883D263CD9E100613F39 /* Products */;
			projectDirPath = "";
			projectRoot = "";
			targets = (
				58FE883B263CD9E100613F39 /* CovidVaccinationPassport */,
			);
		};
/* End PBXProject section */

/* Begin PBXResourcesBuildPhase section */
		58FE883A263CD9E100613F39 /* Resources */ = {
			isa = PBXResourcesBuildPhase;
			buildActionMask = 2147483647;
			files = (
				585853AD266EC8220036F6F9 /* VaccineCard.pkpass in Resources */,
				58FE8847263CD9E200613F39 /* Preview Assets.xcassets in Resources */,
				58FE8844263CD9E200613F39 /* Assets.xcassets in Resources */,
				58FE8851263D587700613F39 /* GoogleService-Info.plist in Resources */,
			);
			runOnlyForDeploymentPostprocessing = 0;
		};
/* End PBXResourcesBuildPhase section */

/* Begin PBXShellScriptBuildPhase section */
		6DDF802B5457937252E1D0F9 /* [CP] Check Pods Manifest.lock */ = {
			isa = PBXShellScriptBuildPhase;
			buildActionMask = 2147483647;
			files = (
			);
			inputFileListPaths = (
			);
			inputPaths = (
				"${PODS_PODFILE_DIR_PATH}/Podfile.lock",
				"${PODS_ROOT}/Manifest.lock",
			);
			name = "[CP] Check Pods Manifest.lock";
			outputFileListPaths = (
			);
			outputPaths = (
				"$(DERIVED_FILE_DIR)/Pods-CovidVaccinationPassport-checkManifestLockResult.txt",
			);
			runOnlyForDeploymentPostprocessing = 0;
			shellPath = /bin/sh;
			shellScript = "diff \"${PODS_PODFILE_DIR_PATH}/Podfile.lock\" \"${PODS_ROOT}/Manifest.lock\" > /dev/null\nif [ $? != 0 ] ; then\n    # print error to STDERR\n    echo \"error: The sandbox is not in sync with the Podfile.lock. Run 'pod install' or update your CocoaPods installation.\" >&2\n    exit 1\nfi\n# This output is used by Xcode 'outputs' to avoid re-running this script phase.\necho \"SUCCESS\" > \"${SCRIPT_OUTPUT_FILE_0}\"\n";
			showEnvVarsInLog = 0;
		};
/* End PBXShellScriptBuildPhase section */

/* Begin PBXSourcesBuildPhase section */
		58FE8838263CD9E100613F39 /* Sources */ = {
			isa = PBXSourcesBuildPhase;
			buildActionMask = 2147483647;
			files = (
				58FE8842263CD9E100613F39 /* ContentView.swift in Sources */,
				58FE887D263E70B500613F39 /* FBKeys.swift in Sources */,
				58DCE357264CFCBC000ACB1D /* VaccineView.swift in Sources */,
				58FE8886263E9BCB00613F39 /* PatientViewModel.swift in Sources */,
				58FE887F263E70B500613F39 /* FBFireStoreError.swift in Sources */,
				58143F2B263F6E2500C87C67 /* CustomCorner.swift in Sources */,
				58FE888B263EB09B00613F39 /* FBPatient.swift in Sources */,
				58B1D699266575AF007464D6 /* Card.swift in Sources */,
				583CAC4F26449A8A00DB2037 /* VaccineViewModel.swift in Sources */,
				58143F2D263F9F4D00C87C67 /* NanoID.swift in Sources */,
				58FE885F263E012800613F39 /* RegisterView.swift in Sources */,
				58FE887E263E70B500613F39 /* FBUser.swift in Sources */,
				58FE885A263DF88600613F39 /* LoginView.swift in Sources */,
				5898E4BD264BD3A0003954F4 /* FBFirestoreVaccine.swift in Sources */,
				5898E4BB264BCE7D003954F4 /* FBVaccine.swift in Sources */,
				58C23FA9264245AB00F7593E /* DirectToView.swift in Sources */,
				58FE886A263E1F3500613F39 /* HomeView.swift in Sources */,
				58FE885D263E006800613F39 /* NurseView.swift in Sources */,
				583CAC5C2644C85B00DB2037 /* VaccineHelper.swift in Sources */,
				58C23FA3264238FF00F7593E /* Colors.swift in Sources */,
				589D0DE12643C0840098B02A /* test1.swift in Sources */,
				58FE8840263CD9E100613F39 /* CovidVaccinationPassportApp.swift in Sources */,
				583CAC5E2644CF7C00DB2037 /* PatientView.swift in Sources */,
				58668CDF2670892500243F81 /* ImagePicker.swift in Sources */,
				58FE8876263E6F2800613F39 /* UserViewModel.swift in Sources */,
				58FE8883263E70C900613F39 /* FBAuthError.swift in Sources */,
				58FE8878263E6FB100613F39 /* UserInfo.swift in Sources */,
				589D0DDD2643AFD80098B02A /* FBFirestorePatient.swift in Sources */,
				58FE8884263E70C900613F39 /* FBAuth.swift in Sources */,
				583CAC582644C2C500DB2037 /* PatientHelper.swift in Sources */,
				58FE8880263E70B500613F39 /* FBFireStore.swift in Sources */,
			);
			runOnlyForDeploymentPostprocessing = 0;
		};
/* End PBXSourcesBuildPhase section */

/* Begin XCBuildConfiguration section */
		58FE8849263CD9E200613F39 /* Debug */ = {
			isa = XCBuildConfiguration;
			buildSettings = {
				ALWAYS_SEARCH_USER_PATHS = NO;
				CLANG_ANALYZER_NONNULL = YES;
				CLANG_ANALYZER_NUMBER_OBJECT_CONVERSION = YES_AGGRESSIVE;
				CLANG_CXX_LANGUAGE_STANDARD = "gnu++14";
				CLANG_CXX_LIBRARY = "libc++";
				CLANG_ENABLE_MODULES = YES;
				CLANG_ENABLE_OBJC_ARC = YES;
				CLANG_ENABLE_OBJC_WEAK = YES;
				CLANG_WARN_BLOCK_CAPTURE_AUTORELEASING = YES;
				CLANG_WARN_BOOL_CONVERSION = YES;
				CLANG_WARN_COMMA = YES;
				CLANG_WARN_CONSTANT_CONVERSION = YES;
				CLANG_WARN_DEPRECATED_OBJC_IMPLEMENTATIONS = YES;
				CLANG_WARN_DIRECT_OBJC_ISA_USAGE = YES_ERROR;
				CLANG_WARN_DOCUMENTATION_COMMENTS = YES;
				CLANG_WARN_EMPTY_BODY = YES;
				CLANG_WARN_ENUM_CONVERSION = YES;
				CLANG_WARN_INFINITE_RECURSION = YES;
				CLANG_WARN_INT_CONVERSION = YES;
				CLANG_WARN_NON_LITERAL_NULL_CONVERSION = YES;
				CLANG_WARN_OBJC_IMPLICIT_RETAIN_SELF = YES;
				CLANG_WARN_OBJC_LITERAL_CONVERSION = YES;
				CLANG_WARN_OBJC_ROOT_CLASS = YES_ERROR;
				CLANG_WARN_QUOTED_INCLUDE_IN_FRAMEWORK_HEADER = YES;
				CLANG_WARN_RANGE_LOOP_ANALYSIS = YES;
				CLANG_WARN_STRICT_PROTOTYPES = YES;
				CLANG_WARN_SUSPICIOUS_MOVE = YES;
				CLANG_WARN_UNGUARDED_AVAILABILITY = YES_AGGRESSIVE;
				CLANG_WARN_UNREACHABLE_CODE = YES;
				CLANG_WARN__DUPLICATE_METHOD_MATCH = YES;
				COPY_PHASE_STRIP = NO;
				DEBUG_INFORMATION_FORMAT = dwarf;
				ENABLE_STRICT_OBJC_MSGSEND = YES;
				ENABLE_TESTABILITY = YES;
				GCC_C_LANGUAGE_STANDARD = gnu11;
				GCC_DYNAMIC_NO_PIC = NO;
				GCC_NO_COMMON_BLOCKS = YES;
				GCC_OPTIMIZATION_LEVEL = 0;
				GCC_PREPROCESSOR_DEFINITIONS = (
					"DEBUG=1",
					"$(inherited)",
				);
				GCC_WARN_64_TO_32_BIT_CONVERSION = YES;
				GCC_WARN_ABOUT_RETURN_TYPE = YES_ERROR;
				GCC_WARN_UNDECLARED_SELECTOR = YES;
				GCC_WARN_UNINITIALIZED_AUTOS = YES_AGGRESSIVE;
				GCC_WARN_UNUSED_FUNCTION = YES;
				GCC_WARN_UNUSED_VARIABLE = YES;
				IPHONEOS_DEPLOYMENT_TARGET = 14.5;
				MTL_ENABLE_DEBUG_INFO = INCLUDE_SOURCE;
				MTL_FAST_MATH = YES;
				ONLY_ACTIVE_ARCH = YES;
				SDKROOT = iphoneos;
				SWIFT_ACTIVE_COMPILATION_CONDITIONS = DEBUG;
				SWIFT_OPTIMIZATION_LEVEL = "-Onone";
			};
			name = Debug;
		};
		58FE884A263CD9E200613F39 /* Release */ = {
			isa = XCBuildConfiguration;
			buildSettings = {
				ALWAYS_SEARCH_USER_PATHS = NO;
				CLANG_ANALYZER_NONNULL = YES;
				CLANG_ANALYZER_NUMBER_OBJECT_CONVERSION = YES_AGGRESSIVE;
				CLANG_CXX_LANGUAGE_STANDARD = "gnu++14";
				CLANG_CXX_LIBRARY = "libc++";
				CLANG_ENABLE_MODULES = YES;
				CLANG_ENABLE_OBJC_ARC = YES;
				CLANG_ENABLE_OBJC_WEAK = YES;
				CLANG_WARN_BLOCK_CAPTURE_AUTORELEASING = YES;
				CLANG_WARN_BOOL_CONVERSION = YES;
				CLANG_WARN_COMMA = YES;
				CLANG_WARN_CONSTANT_CONVERSION = YES;
				CLANG_WARN_DEPRECATED_OBJC_IMPLEMENTATIONS = YES;
				CLANG_WARN_DIRECT_OBJC_ISA_USAGE = YES_ERROR;
				CLANG_WARN_DOCUMENTATION_COMMENTS = YES;
				CLANG_WARN_EMPTY_BODY = YES;
				CLANG_WARN_ENUM_CONVERSION = YES;
				CLANG_WARN_INFINITE_RECURSION = YES;
				CLANG_WARN_INT_CONVERSION = YES;
				CLANG_WARN_NON_LITERAL_NULL_CONVERSION = YES;
				CLANG_WARN_OBJC_IMPLICIT_RETAIN_SELF = YES;
				CLANG_WARN_OBJC_LITERAL_CONVERSION = YES;
				CLANG_WARN_OBJC_ROOT_CLASS = YES_ERROR;
				CLANG_WARN_QUOTED_INCLUDE_IN_FRAMEWORK_HEADER = YES;
				CLANG_WARN_RANGE_LOOP_ANALYSIS = YES;
				CLANG_WARN_STRICT_PROTOTYPES = YES;
				CLANG_WARN_SUSPICIOUS_MOVE = YES;
				CLANG_WARN_UNGUARDED_AVAILABILITY = YES_AGGRESSIVE;
				CLANG_WARN_UNREACHABLE_CODE = YES;
				CLANG_WARN__DUPLICATE_METHOD_MATCH = YES;
				COPY_PHASE_STRIP = NO;
				DEBUG_INFORMATION_FORMAT = "dwarf-with-dsym";
				ENABLE_NS_ASSERTIONS = NO;
				ENABLE_STRICT_OBJC_MSGSEND = YES;
				GCC_C_LANGUAGE_STANDARD = gnu11;
				GCC_NO_COMMON_BLOCKS = YES;
				GCC_WARN_64_TO_32_BIT_CONVERSION = YES;
				GCC_WARN_ABOUT_RETURN_TYPE = YES_ERROR;
				GCC_WARN_UNDECLARED_SELECTOR = YES;
				GCC_WARN_UNINITIALIZED_AUTOS = YES_AGGRESSIVE;
				GCC_WARN_UNUSED_FUNCTION = YES;
				GCC_WARN_UNUSED_VARIABLE = YES;
				IPHONEOS_DEPLOYMENT_TARGET = 14.5;
				MTL_ENABLE_DEBUG_INFO = NO;
				MTL_FAST_MATH = YES;
				SDKROOT = iphoneos;
				SWIFT_COMPILATION_MODE = wholemodule;
				SWIFT_OPTIMIZATION_LEVEL = "-O";
				VALIDATE_PRODUCT = YES;
			};
			name = Release;
		};
		58FE884C263CD9E200613F39 /* Debug */ = {
			isa = XCBuildConfiguration;
			baseConfigurationReference = B13E3BEE2EE737675EB39C6E /* Pods-CovidVaccinationPassport.debug.xcconfig */;
			buildSettings = {
				ASSETCATALOG_COMPILER_APPICON_NAME = AppIcon;
				ASSETCATALOG_COMPILER_GLOBAL_ACCENT_COLOR_NAME = AccentColor;
				CODE_SIGN_ENTITLEMENTS = CovidVaccinationPassport/CovidVaccinationPassport.entitlements;
				CODE_SIGN_STYLE = Automatic;
				DEVELOPMENT_ASSET_PATHS = "\"CovidVaccinationPassport/Preview Content\"";
				DEVELOPMENT_TEAM = QH4497ADX8;
				ENABLE_PREVIEWS = YES;
				INFOPLIST_FILE = CovidVaccinationPassport/Info.plist;
				IPHONEOS_DEPLOYMENT_TARGET = 14.0;
				LD_RUNPATH_SEARCH_PATHS = (
					"$(inherited)",
					"@executable_path/Frameworks",
				);
				PRODUCT_BUNDLE_IDENTIFIER = com.JonathanFong.CovidVaccinationPassport;
				PRODUCT_NAME = "$(TARGET_NAME)";
				SWIFT_VERSION = 5.0;
				TARGETED_DEVICE_FAMILY = "1,2";
			};
			name = Debug;
		};
		58FE884D263CD9E200613F39 /* Release */ = {
			isa = XCBuildConfiguration;
			baseConfigurationReference = A1145A6697BFCD6BD13547D4 /* Pods-CovidVaccinationPassport.release.xcconfig */;
			buildSettings = {
				ASSETCATALOG_COMPILER_APPICON_NAME = AppIcon;
				ASSETCATALOG_COMPILER_GLOBAL_ACCENT_COLOR_NAME = AccentColor;
				CODE_SIGN_ENTITLEMENTS = CovidVaccinationPassport/CovidVaccinationPassport.entitlements;
				CODE_SIGN_STYLE = Automatic;
				DEVELOPMENT_ASSET_PATHS = "\"CovidVaccinationPassport/Preview Content\"";
				DEVELOPMENT_TEAM = QH4497ADX8;
				ENABLE_PREVIEWS = YES;
				INFOPLIST_FILE = CovidVaccinationPassport/Info.plist;
				IPHONEOS_DEPLOYMENT_TARGET = 14.0;
				LD_RUNPATH_SEARCH_PATHS = (
					"$(inherited)",
					"@executable_path/Frameworks",
				);
				PRODUCT_BUNDLE_IDENTIFIER = com.JonathanFong.CovidVaccinationPassport;
				PRODUCT_NAME = "$(TARGET_NAME)";
				SWIFT_VERSION = 5.0;
				TARGETED_DEVICE_FAMILY = "1,2";
			};
			name = Release;
		};
/* End XCBuildConfiguration section */

/* Begin XCConfigurationList section */
		58FE8837263CD9E100613F39 /* Build configuration list for PBXProject "CovidVaccinationPassport" */ = {
			isa = XCConfigurationList;
			buildConfigurations = (
				58FE8849263CD9E200613F39 /* Debug */,
				58FE884A263CD9E200613F39 /* Release */,
			);
			defaultConfigurationIsVisible = 0;
			defaultConfigurationName = Release;
		};
		58FE884B263CD9E200613F39 /* Build configuration list for PBXNativeTarget "CovidVaccinationPassport" */ = {
			isa = XCConfigurationList;
			buildConfigurations = (
				58FE884C263CD9E200613F39 /* Debug */,
				58FE884D263CD9E200613F39 /* Release */,
			);
			defaultConfigurationIsVisible = 0;
			defaultConfigurationName = Release;
		};
/* End XCConfigurationList section */

/* Begin XCRemoteSwiftPackageReference section */
		58AAC7172648F17B00A7DF61 /* XCRemoteSwiftPackageReference "iPhoneNumberField" */ = {
			isa = XCRemoteSwiftPackageReference;
			repositoryURL = "https://github.com/MojtabaHs/iPhoneNumberField.git";
			requirement = {
				kind = upToNextMajorVersion;
				minimumVersion = 0.6.1;
			};
		};
		58BD37B8266E1AED00D7509B /* XCRemoteSwiftPackageReference "PassLibrarySUI" */ = {
			isa = XCRemoteSwiftPackageReference;
			repositoryURL = "https://github.com/kamaal111/PassLibrarySUI";
			requirement = {
				kind = upToNextMajorVersion;
				minimumVersion = 2.0.0;
			};
		};
		58BD37BB266E1B6000D7509B /* XCRemoteSwiftPackageReference "PassLibrary" */ = {
			isa = XCRemoteSwiftPackageReference;
			repositoryURL = "https://github.com/kamaal111/PassLibrary";
			requirement = {
				kind = upToNextMajorVersion;
				minimumVersion = 3.0.0;
			};
		};
		58FE8852263D5B4000613F39 /* XCRemoteSwiftPackageReference "firebase-ios-sdk" */ = {
			isa = XCRemoteSwiftPackageReference;
			repositoryURL = "https://github.com/firebase/firebase-ios-sdk.git";
			requirement = {
				kind = upToNextMajorVersion;
				minimumVersion = 7.11.1;
			};
		};
/* End XCRemoteSwiftPackageReference section */

/* Begin XCSwiftPackageProductDependency section */
		58AAC7182648F17C00A7DF61 /* iPhoneNumberField */ = {
			isa = XCSwiftPackageProductDependency;
			package = 58AAC7172648F17B00A7DF61 /* XCRemoteSwiftPackageReference "iPhoneNumberField" */;
			productName = iPhoneNumberField;
		};
		58BD37B9266E1AED00D7509B /* PassLibrarySUI */ = {
			isa = XCSwiftPackageProductDependency;
			package = 58BD37B8266E1AED00D7509B /* XCRemoteSwiftPackageReference "PassLibrarySUI" */;
			productName = PassLibrarySUI;
		};
		58BD37BC266E1B6000D7509B /* PassLibrary */ = {
			isa = XCSwiftPackageProductDependency;
			package = 58BD37BB266E1B6000D7509B /* XCRemoteSwiftPackageReference "PassLibrary" */;
			productName = PassLibrary;
		};
		58FE8853263D5B4000613F39 /* FirebaseAuth */ = {
			isa = XCSwiftPackageProductDependency;
			package = 58FE8852263D5B4000613F39 /* XCRemoteSwiftPackageReference "firebase-ios-sdk" */;
			productName = FirebaseAuth;
		};
		58FE8855263D5B4000613F39 /* FirebaseFirestore */ = {
			isa = XCSwiftPackageProductDependency;
			package = 58FE8852263D5B4000613F39 /* XCRemoteSwiftPackageReference "firebase-ios-sdk" */;
			productName = FirebaseFirestore;
		};
		58FE8857263D5B4000613F39 /* FirebaseStorage */ = {
			isa = XCSwiftPackageProductDependency;
			package = 58FE8852263D5B4000613F39 /* XCRemoteSwiftPackageReference "firebase-ios-sdk" */;
			productName = FirebaseStorage;
		};
/* End XCSwiftPackageProductDependency section */
	};
	rootObject = 58FE8834263CD9E100613F39 /* Project object */;
}
